<?xml version="1.0" encoding="utf-8"?>
<Project ToolsVersion="4.0" xmlns="http://schemas.microsoft.com/developer/msbuild/2003">
  <ItemGroup>
    <Filter Include="Source Files">
      <UniqueIdentifier>{c421b9fa-6f07-4348-afb1-0860ab6a2496}</UniqueIdentifier>
    </Filter>
    <Filter Include="Generated Files">
      <UniqueIdentifier>{7087f5a0-48a3-4375-b797-cc90043090d4}</UniqueIdentifier>
      <SourceControlFiles>False</SourceControlFiles>
    </Filter>
  </ItemGroup>
  <ItemGroup>
    <None Include="WMPRemoteps.def" />
  </ItemGroup>
  <ItemGroup>
    <ClCompile Include="WMPRemote_i.c">
      <Filter>Generated Files</Filter>
    </ClCompile>
    <ClCompile Include="WMPRemote_p.c">
      <Filter>Generated Files</Filter>
    </ClCompile>
    <ClCompile Include="dlldata.c">
      <Filter>Generated Files</Filter>
    </ClCompile>
  </ItemGroup>
</Project>